{
  "nodes": {
    "nixpkgs": {
      "locked": {
        "lastModified": 1634172192,
        "narHash": "sha256-FBF4U/T+bMg4sEyT/zkgasvVquGzgdAf4y8uCosKMmo=",
        "owner": "nixos",
        "repo": "nixpkgs",
        "rev": "2cf9db0e3d45b9d00f16f2836cb1297bcadc475e",
        "type": "github"
      },
      "original": {
        "owner": "nixos",
        "ref": "nixos-unstable",
        "repo": "nixpkgs",
        "type": "github"
      }
    },
    "nss-dev-src": {
      "flake": false,
      "locked": {
        "lastModified": 1633005674,
        "narHash": "sha256-I5YmuyKYMJr+M8mt3+IYQe6VLm+UfxX438uQdAna89Q=",
        "owner": "nss-dev",
        "repo": "nss",
        "rev": "87c5c2f0be413bf7b79eafd84d56d969827bd804",
        "type": "github"
      },
      "original": {
        "owner": "nss-dev",
        "ref": "NSS_3_71_RTM",
        "repo": "nss",
        "type": "github"
      }
    },
    "root": {
      "inputs": {
        "nixpkgs": "nixpkgs",
        "nss-dev-src": "nss-dev-src"
      }
    }
  },
  "root": "root",
  "version": 7
}
