{
  "nodes": {
    "nixpkgs": {
      "locked": {
        "lastModified": 1643464727,
        "narHash": "sha256-Ju/hf2cpUtbPKrXPEk3O5FqlcWwOWq5LAyWoeV879J4=",
        "owner": "NixOS",
        "repo": "nixpkgs",
        "rev": "300cccf211aff894130d32669097e6fb0c018374",
        "type": "github"
      },
      "original": {
        "id": "nixpkgs",
        "type": "indirect"
      }
    },
    "nss-dev-src": {
      "flake": false,
      "locked": {
        "lastModified": 1634569972,
        "narHash": "sha256-WnUslakuCWD98ftuLkICHnjQtxbl+zZjXhOXLbuxQaA=",
        "owner": "nss-dev",
        "repo": "nss",
        "rev": "cea7654c90aaed1d1e29f735ce765974c08898df",
        "type": "github"
      },
      "original": {
        "owner": "nss-dev",
        "repo": "nss",
        "rev": "cea7654c90aaed1d1e29f735ce765974c08898df",
        "type": "github"
      }
    },
    "root": {
      "inputs": {
        "nixpkgs": "nixpkgs",
        "nss-dev-src": "nss-dev-src"
      }
    }
  },
  "root": "root",
  "version": 7
}
