{
  "nodes": {
    "nixpkgs": {
      "locked": {
        "lastModified": 1645267060,
        "narHash": "sha256-TQ1N3f84yXvNpvhuAyJYWm9waDM7+9raG9gFKpbFEAA=",
        "owner": "NixOS",
        "repo": "nixpkgs",
        "rev": "7c6759c27e7adae4387743c1bdec99d84b9a4d54",
        "type": "github"
      },
      "original": {
        "id": "nixpkgs",
        "type": "indirect"
      }
    },
    "nss-dev-src": {
      "flake": false,
      "locked": {
        "lastModified": 1634569972,
        "narHash": "sha256-WnUslakuCWD98ftuLkICHnjQtxbl+zZjXhOXLbuxQaA=",
        "owner": "nss-dev",
        "repo": "nss",
        "rev": "cea7654c90aaed1d1e29f735ce765974c08898df",
        "type": "github"
      },
      "original": {
        "owner": "nss-dev",
        "repo": "nss",
        "rev": "cea7654c90aaed1d1e29f735ce765974c08898df",
        "type": "github"
      }
    },
    "root": {
      "inputs": {
        "nixpkgs": "nixpkgs",
        "nss-dev-src": "nss-dev-src"
      }
    }
  },
  "root": "root",
  "version": 7
}
